
Microsoft Visual Studio Solution File, Format Version 12.00
# Visual Studio 15
VisualStudioVersion = 15.0.28010.2041
MinimumVisualStudioVersion = 10.0.40219.1
Project("{FAE04EC0-301F-11D3-BF4B-00C04F79EFBC}") = "NotifyMe", "NotifyMe\NotifyMe.csproj", "{19356925-4A2F-46BA-B13D-3131DE9A41E0}"
EndProject
Project("{FAE04EC0-301F-11D3-BF4B-00C04F79EFBC}") = "NotifyMeWeb", "NotifyMeWeb\NotifyMeWeb.csproj", "{FA128D65-6DD7-4D95-BB7B-75E4438A7A28}"
EndProject
Global
	GlobalSection(SolutionConfigurationPlatforms) = preSolution
		Debug|Any CPU = Debug|Any CPU
		Release|Any CPU = Release|Any CPU
	EndGlobalSection
	GlobalSection(ProjectConfigurationPlatforms) = postSolution
		{19356925-4A2F-46BA-B13D-3131DE9A41E0}.Debug|Any CPU.ActiveCfg = Debug|Any CPU
		{19356925-4A2F-46BA-B13D-3131DE9A41E0}.Debug|Any CPU.Build.0 = Debug|Any CPU
		{19356925-4A2F-46BA-B13D-3131DE9A41E0}.Debug|Any CPU.Deploy.0 = Debug|Any CPU
		{19356925-4A2F-46BA-B13D-3131DE9A41E0}.Release|Any CPU.ActiveCfg = Release|Any CPU
		{19356925-4A2F-46BA-B13D-3131DE9A41E0}.Release|Any CPU.Build.0 = Release|Any CPU
		{19356925-4A2F-46BA-B13D-3131DE9A41E0}.Release|Any CPU.Deploy.0 = Release|Any CPU
		{FA128D65-6DD7-4D95-BB7B-75E4438A7A28}.Debug|Any CPU.ActiveCfg = Debug|Any CPU
		{FA128D65-6DD7-4D95-BB7B-75E4438A7A28}.Debug|Any CPU.Build.0 = Debug|Any CPU
		{FA128D65-6DD7-4D95-BB7B-75E4438A7A28}.Release|Any CPU.ActiveCfg = Release|Any CPU
		{FA128D65-6DD7-4D95-BB7B-75E4438A7A28}.Release|Any CPU.Build.0 = Release|Any CPU
	EndGlobalSection
	GlobalSection(SolutionProperties) = preSolution
		HideSolutionNode = FALSE
	EndGlobalSection
	GlobalSection(ExtensibilityGlobals) = postSolution
		SolutionGuid = {881D47C4-DDBB-48AA-B95A-EB32469DA5A2}
	EndGlobalSection
EndGlobal
